PODS:
  - FLKAutoLayout (1.0.0)
  - OCMock (3.3)
  - UIImageView-AGCInitials (0.0.2)
  - VeeContactPicker (0.0.1):
    - FLKAutoLayout
    - UIImageView-AGCInitials

DEPENDENCIES:
  - OCMock
  - VeeContactPicker (from `../`)

EXTERNAL SOURCES:
  VeeContactPicker:
    :path: "../"

SPEC CHECKSUMS:
  FLKAutoLayout: 106b14dbae09d32c6730190f4e78a959759ba4a4
  OCMock: d68685bde31f69cb61d518dcb39269080c78b5ed
  UIImageView-AGCInitials: 4326faf01587dbfa2ffdee7e596ae96c1beca05c
  VeeContactPicker: c1b3edb0dbef1fb3eb349e0af6bd9fe796d3b480

PODFILE CHECKSUM: 186c740d3a54d4347d73ad3abb9f3650c7a0f3d3

COCOAPODS: 1.1.1
